
Microsoft Visual Studio Solution File, Format Version 12.00
# Visual Studio Version 16
VisualStudioVersion = 16.0.29509.3
MinimumVisualStudioVersion = 10.0.40219.1
Project("{8BC9CEB8-8B4A-11D0-8D11-00A0C91BC942}") = "Opdracht 6", "Opdracht 6\Opdracht 6.vcxproj", "{ADCFDAF9-B4D1-41D8-BDA3-351D746DB5AF}"
EndProject
Global
	GlobalSection(SolutionConfigurationPlatforms) = preSolution
		Debug|x64 = Debug|x64
		Debug|x86 = Debug|x86
		Release|x64 = Release|x64
		Release|x86 = Release|x86
	EndGlobalSection
	GlobalSection(ProjectConfigurationPlatforms) = postSolution
		{ADCFDAF9-B4D1-41D8-BDA3-351D746DB5AF}.Debug|x64.ActiveCfg = Debug|x64
		{ADCFDAF9-B4D1-41D8-BDA3-351D746DB5AF}.Debug|x64.Build.0 = Debug|x64
		{ADCFDAF9-B4D1-41D8-BDA3-351D746DB5AF}.Debug|x86.ActiveCfg = Debug|Win32
		{ADCFDAF9-B4D1-41D8-BDA3-351D746DB5AF}.Debug|x86.Build.0 = Debug|Win32
		{ADCFDAF9-B4D1-41D8-BDA3-351D746DB5AF}.Release|x64.ActiveCfg = Release|x64
		{ADCFDAF9-B4D1-41D8-BDA3-351D746DB5AF}.Release|x64.Build.0 = Release|x64
		{ADCFDAF9-B4D1-41D8-BDA3-351D746DB5AF}.Release|x86.ActiveCfg = Release|Win32
		{ADCFDAF9-B4D1-41D8-BDA3-351D746DB5AF}.Release|x86.Build.0 = Release|Win32
	EndGlobalSection
	GlobalSection(SolutionProperties) = preSolution
		HideSolutionNode = FALSE
	EndGlobalSection
	GlobalSection(ExtensibilityGlobals) = postSolution
		SolutionGuid = {7E067F46-17BB-4FCE-8025-0DA8D5CE86C7}
	EndGlobalSection
EndGlobal
