
Microsoft Visual Studio Solution File, Format Version 12.00
# Visual Studio Version 16
VisualStudioVersion = 16.0.29509.3
MinimumVisualStudioVersion = 10.0.40219.1
Project("{8BC9CEB8-8B4A-11D0-8D11-00A0C91BC942}") = "Opdracht_1_ModulesStudentenDocenten", "Opdracht_1_ModulesStudentenDocenten\Opdracht_1_ModulesStudentenDocenten.vcxproj", "{AA7CF678-84C6-402B-BF37-1341E7D305C1}"
EndProject
Global
	GlobalSection(SolutionConfigurationPlatforms) = preSolution
		Debug|x64 = Debug|x64
		Debug|x86 = Debug|x86
		Release|x64 = Release|x64
		Release|x86 = Release|x86
	EndGlobalSection
	GlobalSection(ProjectConfigurationPlatforms) = postSolution
		{AA7CF678-84C6-402B-BF37-1341E7D305C1}.Debug|x64.ActiveCfg = Debug|x64
		{AA7CF678-84C6-402B-BF37-1341E7D305C1}.Debug|x64.Build.0 = Debug|x64
		{AA7CF678-84C6-402B-BF37-1341E7D305C1}.Debug|x86.ActiveCfg = Debug|Win32
		{AA7CF678-84C6-402B-BF37-1341E7D305C1}.Debug|x86.Build.0 = Debug|Win32
		{AA7CF678-84C6-402B-BF37-1341E7D305C1}.Release|x64.ActiveCfg = Release|x64
		{AA7CF678-84C6-402B-BF37-1341E7D305C1}.Release|x64.Build.0 = Release|x64
		{AA7CF678-84C6-402B-BF37-1341E7D305C1}.Release|x86.ActiveCfg = Release|Win32
		{AA7CF678-84C6-402B-BF37-1341E7D305C1}.Release|x86.Build.0 = Release|Win32
	EndGlobalSection
	GlobalSection(SolutionProperties) = preSolution
		HideSolutionNode = FALSE
	EndGlobalSection
	GlobalSection(ExtensibilityGlobals) = postSolution
		SolutionGuid = {A759E727-BC83-4534-9E50-833C25DB8DBD}
	EndGlobalSection
EndGlobal
